// !$*UTF8*$!
{
	archiveVersion = 1;
	classes = {
	};
	objectVersion = 56;
	objects = {

/* Begin PBXBuildFile section */
		61DCB8A22CEE10F500E90DDB /* WordSubsApp.swift in Sources */ = {isa = PBXBuildFile; fileRef = 61DCB8A12CEE10F500E90DDB /* WordSubsApp.swift */; };
		61DCB8A62CEE10F800E90DDB /* Assets.xcassets in Resources */ = {isa = PBXBuildFile; fileRef = 61DCB8A52CEE10F800E90DDB /* Assets.xcassets */; };
		61DCB8A92CEE10F800E90DDB /* Preview Assets.xcassets in Resources */ = {isa = PBXBuildFile; fileRef = 61DCB8A82CEE10F800E90DDB /* Preview Assets.xcassets */; };
		61DCB8B32CEE10F900E90DDB /* WordSubsTests.swift in Sources */ = {isa = PBXBuildFile; fileRef = 61DCB8B22CEE10F900E90DDB /* WordSubsTests.swift */; };
		61DCB8BD2CEE10F900E90DDB /* WordSubsUITests.swift in Sources */ = {isa = PBXBuildFile; fileRef = 61DCB8BC2CEE10F900E90DDB /* WordSubsUITests.swift */; };
		61DCB8BF2CEE10F900E90DDB /* WordSubsUITestsLaunchTests.swift in Sources */ = {isa = PBXBuildFile; fileRef = 61DCB8BE2CEE10F900E90DDB /* WordSubsUITestsLaunchTests.swift */; };
		61DCB8E12CEE128A00E90DDB /* NotificationManager.swift in Sources */ = {isa = PBXBuildFile; fileRef = 61DCB8E02CEE128A00E90DDB /* NotificationManager.swift */; };
		61DCB8E32CEE12FF00E90DDB /* PhraseViewModel.swift in Sources */ = {isa = PBXBuildFile; fileRef = 61DCB8E22CEE12FF00E90DDB /* PhraseViewModel.swift */; };
		61DCB8E62CEE139F00E90DDB /* PhraseModel.swift in Sources */ = {isa = PBXBuildFile; fileRef = 61DCB8E52CEE139F00E90DDB /* PhraseModel.swift */; };
		61DCB8E82CEE13D700E90DDB /* AccountView.swift in Sources */ = {isa = PBXBuildFile; fileRef = 61DCB8E72CEE13D700E90DDB /* AccountView.swift */; };
		61DCB8EA2CEE13E700E90DDB /* BookmarksView.swift in Sources */ = {isa = PBXBuildFile; fileRef = 61DCB8E92CEE13E700E90DDB /* BookmarksView.swift */; };
		61DCB8EC2CEE13F800E90DDB /* LearnView.swift in Sources */ = {isa = PBXBuildFile; fileRef = 61DCB8EB2CEE13F800E90DDB /* LearnView.swift */; };
		61DCB8EE2CEE140700E90DDB /* MainTabView.swift in Sources */ = {isa = PBXBuildFile; fileRef = 61DCB8ED2CEE140700E90DDB /* MainTabView.swift */; };
		61DCB8F02CEE141800E90DDB /* PreferencesView.swift in Sources */ = {isa = PBXBuildFile; fileRef = 61DCB8EF2CEE141800E90DDB /* PreferencesView.swift */; };
		61DCB8F22CEE142B00E90DDB /* SettingsView.swift in Sources */ = {isa = PBXBuildFile; fileRef = 61DCB8F12CEE142B00E90DDB /* SettingsView.swift */; };
		61DCB8F42CEE143A00E90DDB /* WelcomeView.swift in Sources */ = {isa = PBXBuildFile; fileRef = 61DCB8F32CEE143A00E90DDB /* WelcomeView.swift */; };
		61DCB8F62CEE16E900E90DDB /* phrases.json in Resources */ = {isa = PBXBuildFile; fileRef = 61DCB8F52CEE16E800E90DDB /* phrases.json */; };
		61DCB8F92CEE268F00E90DDB /* UserAccount.swift in Sources */ = {isa = PBXBuildFile; fileRef = 61DCB8F82CEE268F00E90DDB /* UserAccount.swift */; };
/* End PBXBuildFile section */

/* Begin PBXContainerItemProxy section */
		61DCB8AF2CEE10F900E90DDB /* PBXContainerItemProxy */ = {
			isa = PBXContainerItemProxy;
			containerPortal = 61DCB8962CEE10F500E90DDB /* Project object */;
			proxyType = 1;
			remoteGlobalIDString = 61DCB89D2CEE10F500E90DDB;
			remoteInfo = WordSubs;
		};
		61DCB8B92CEE10F900E90DDB /* PBXContainerItemProxy */ = {
			isa = PBXContainerItemProxy;
			containerPortal = 61DCB8962CEE10F500E90DDB /* Project object */;
			proxyType = 1;
			remoteGlobalIDString = 61DCB89D2CEE10F500E90DDB;
			remoteInfo = WordSubs;
		};
/* End PBXContainerItemProxy section */

/* Begin PBXFileReference section */
		61DCB89E2CEE10F500E90DDB /* WordSubs.app */ = {isa = PBXFileReference; explicitFileType = wrapper.application; includeInIndex = 0; path = WordSubs.app; sourceTree = BUILT_PRODUCTS_DIR; };
		61DCB8A12CEE10F500E90DDB /* WordSubsApp.swift */ = {isa = PBXFileReference; lastKnownFileType = sourcecode.swift; path = WordSubsApp.swift; sourceTree = "<group>"; };
		61DCB8A52CEE10F800E90DDB /* Assets.xcassets */ = {isa = PBXFileReference; lastKnownFileType = folder.assetcatalog; path = Assets.xcassets; sourceTree = "<group>"; };
		61DCB8A82CEE10F800E90DDB /* Preview Assets.xcassets */ = {isa = PBXFileReference; lastKnownFileType = folder.assetcatalog; path = "Preview Assets.xcassets"; sourceTree = "<group>"; };
		61DCB8AE2CEE10F900E90DDB /* WordSubsTests.xctest */ = {isa = PBXFileReference; explicitFileType = wrapper.cfbundle; includeInIndex = 0; path = WordSubsTests.xctest; sourceTree = BUILT_PRODUCTS_DIR; };
		61DCB8B22CEE10F900E90DDB /* WordSubsTests.swift */ = {isa = PBXFileReference; lastKnownFileType = sourcecode.swift; path = WordSubsTests.swift; sourceTree = "<group>"; };
		61DCB8B82CEE10F900E90DDB /* WordSubsUITests.xctest */ = {isa = PBXFileReference; explicitFileType = wrapper.cfbundle; includeInIndex = 0; path = WordSubsUITests.xctest; sourceTree = BUILT_PRODUCTS_DIR; };
		61DCB8BC2CEE10F900E90DDB /* WordSubsUITests.swift */ = {isa = PBXFileReference; lastKnownFileType = sourcecode.swift; path = WordSubsUITests.swift; sourceTree = "<group>"; };
		61DCB8BE2CEE10F900E90DDB /* WordSubsUITestsLaunchTests.swift */ = {isa = PBXFileReference; lastKnownFileType = sourcecode.swift; path = WordSubsUITestsLaunchTests.swift; sourceTree = "<group>"; };
		61DCB8E02CEE128A00E90DDB /* NotificationManager.swift */ = {isa = PBXFileReference; lastKnownFileType = sourcecode.swift; path = NotificationManager.swift; sourceTree = "<group>"; };
		61DCB8E22CEE12FF00E90DDB /* PhraseViewModel.swift */ = {isa = PBXFileReference; lastKnownFileType = sourcecode.swift; path = PhraseViewModel.swift; sourceTree = "<group>"; };
		61DCB8E52CEE139F00E90DDB /* PhraseModel.swift */ = {isa = PBXFileReference; lastKnownFileType = sourcecode.swift; path = PhraseModel.swift; sourceTree = "<group>"; };
		61DCB8E72CEE13D700E90DDB /* AccountView.swift */ = {isa = PBXFileReference; lastKnownFileType = sourcecode.swift; path = AccountView.swift; sourceTree = "<group>"; };
		61DCB8E92CEE13E700E90DDB /* BookmarksView.swift */ = {isa = PBXFileReference; lastKnownFileType = sourcecode.swift; path = BookmarksView.swift; sourceTree = "<group>"; };
		61DCB8EB2CEE13F800E90DDB /* LearnView.swift */ = {isa = PBXFileReference; lastKnownFileType = sourcecode.swift; path = LearnView.swift; sourceTree = "<group>"; };
		61DCB8ED2CEE140700E90DDB /* MainTabView.swift */ = {isa = PBXFileReference; lastKnownFileType = sourcecode.swift; path = MainTabView.swift; sourceTree = "<group>"; };
		61DCB8EF2CEE141800E90DDB /* PreferencesView.swift */ = {isa = PBXFileReference; lastKnownFileType = sourcecode.swift; path = PreferencesView.swift; sourceTree = "<group>"; };
		61DCB8F12CEE142B00E90DDB /* SettingsView.swift */ = {isa = PBXFileReference; lastKnownFileType = sourcecode.swift; path = SettingsView.swift; sourceTree = "<group>"; };
		61DCB8F32CEE143A00E90DDB /* WelcomeView.swift */ = {isa = PBXFileReference; lastKnownFileType = sourcecode.swift; path = WelcomeView.swift; sourceTree = "<group>"; };
		61DCB8F52CEE16E800E90DDB /* phrases.json */ = {isa = PBXFileReference; fileEncoding = 4; lastKnownFileType = text.json; path = phrases.json; sourceTree = "<group>"; };
		61DCB8F72CEE18CF00E90DDB /* Info.plist */ = {isa = PBXFileReference; lastKnownFileType = text.plist; path = Info.plist; sourceTree = "<group>"; };
		61DCB8F82CEE268F00E90DDB /* UserAccount.swift */ = {isa = PBXFileReference; fileEncoding = 4; lastKnownFileType = sourcecode.swift; path = UserAccount.swift; sourceTree = "<group>"; };
/* End PBXFileReference section */

/* Begin PBXFrameworksBuildPhase section */
		61DCB89B2CEE10F500E90DDB /* Frameworks */ = {
			isa = PBXFrameworksBuildPhase;
			buildActionMask = 2147483647;
			files = (
			);
			runOnlyForDeploymentPostprocessing = 0;
		};
		61DCB8AB2CEE10F900E90DDB /* Frameworks */ = {
			isa = PBXFrameworksBuildPhase;
			buildActionMask = 2147483647;
			files = (
			);
			runOnlyForDeploymentPostprocessing = 0;
		};
		61DCB8B52CEE10F900E90DDB /* Frameworks */ = {
			isa = PBXFrameworksBuildPhase;
			buildActionMask = 2147483647;
			files = (
			);
			runOnlyForDeploymentPostprocessing = 0;
		};
/* End PBXFrameworksBuildPhase section */

/* Begin PBXGroup section */
		61DCB8952CEE10F500E90DDB = {
			isa = PBXGroup;
			children = (
				61DCB8A02CEE10F500E90DDB /* WordSubs */,
				61DCB8B12CEE10F900E90DDB /* WordSubsTests */,
				61DCB8BB2CEE10F900E90DDB /* WordSubsUITests */,
				61DCB89F2CEE10F500E90DDB /* Products */,
			);
			sourceTree = "<group>";
		};
		61DCB89F2CEE10F500E90DDB /* Products */ = {
			isa = PBXGroup;
			children = (
				61DCB89E2CEE10F500E90DDB /* WordSubs.app */,
				61DCB8AE2CEE10F900E90DDB /* WordSubsTests.xctest */,
				61DCB8B82CEE10F900E90DDB /* WordSubsUITests.xctest */,
			);
			name = Products;
			sourceTree = "<group>";
		};
		61DCB8A02CEE10F500E90DDB /* WordSubs */ = {
			isa = PBXGroup;
			children = (
				61DCB8E42CEE137500E90DDB /* Models */,
				61DCB8CC2CEE113900E90DDB /* Utilities */,
				61DCB8D62CEE114100E90DDB /* ViewModel */,
				61DCB8D42CEE114100E90DDB /* Views */,
				61DCB8A12CEE10F500E90DDB /* WordSubsApp.swift */,
				61DCB8A52CEE10F800E90DDB /* Assets.xcassets */,
				61DCB8F52CEE16E800E90DDB /* phrases.json */,
				61DCB8F72CEE18CF00E90DDB /* Info.plist */,
				61DCB8A72CEE10F800E90DDB /* Preview Content */,
			);
			path = WordSubs;
			sourceTree = "<group>";
		};
		61DCB8A72CEE10F800E90DDB /* Preview Content */ = {
			isa = PBXGroup;
			children = (
				61DCB8A82CEE10F800E90DDB /* Preview Assets.xcassets */,
			);
			path = "Preview Content";
			sourceTree = "<group>";
		};
		61DCB8B12CEE10F900E90DDB /* WordSubsTests */ = {
			isa = PBXGroup;
			children = (
				61DCB8B22CEE10F900E90DDB /* WordSubsTests.swift */,
			);
			path = WordSubsTests;
			sourceTree = "<group>";
		};
		61DCB8BB2CEE10F900E90DDB /* WordSubsUITests */ = {
			isa = PBXGroup;
			children = (
				61DCB8BC2CEE10F900E90DDB /* WordSubsUITests.swift */,
				61DCB8BE2CEE10F900E90DDB /* WordSubsUITestsLaunchTests.swift */,
			);
			path = WordSubsUITests;
			sourceTree = "<group>";
		};
		61DCB8CC2CEE113900E90DDB /* Utilities */ = {
			isa = PBXGroup;
			children = (
				61DCB8E02CEE128A00E90DDB /* NotificationManager.swift */,
			);
			path = Utilities;
			sourceTree = "<group>";
		};
		61DCB8D42CEE114100E90DDB /* Views */ = {
			isa = PBXGroup;
			children = (
				61DCB8E72CEE13D700E90DDB /* AccountView.swift */,
				61DCB8E92CEE13E700E90DDB /* BookmarksView.swift */,
				61DCB8EB2CEE13F800E90DDB /* LearnView.swift */,
				61DCB8ED2CEE140700E90DDB /* MainTabView.swift */,
				61DCB8EF2CEE141800E90DDB /* PreferencesView.swift */,
				61DCB8F12CEE142B00E90DDB /* SettingsView.swift */,
				61DCB8F32CEE143A00E90DDB /* WelcomeView.swift */,
			);
			path = Views;
			sourceTree = "<group>";
		};
		61DCB8D62CEE114100E90DDB /* ViewModel */ = {
			isa = PBXGroup;
			children = (
				61DCB8E22CEE12FF00E90DDB /* PhraseViewModel.swift */,
			);
			path = ViewModel;
			sourceTree = "<group>";
		};
		61DCB8E42CEE137500E90DDB /* Models */ = {
			isa = PBXGroup;
			children = (
				61DCB8E52CEE139F00E90DDB /* PhraseModel.swift */,
				61DCB8F82CEE268F00E90DDB /* UserAccount.swift */,
			);
			path = Models;
			sourceTree = "<group>";
		};
/* End PBXGroup section */

/* Begin PBXNativeTarget section */
		61DCB89D2CEE10F500E90DDB /* WordSubs */ = {
			isa = PBXNativeTarget;
			buildConfigurationList = 61DCB8C22CEE10F900E90DDB /* Build configuration list for PBXNativeTarget "WordSubs" */;
			buildPhases = (
				61DCB89A2CEE10F500E90DDB /* Sources */,
				61DCB89B2CEE10F500E90DDB /* Frameworks */,
				61DCB89C2CEE10F500E90DDB /* Resources */,
			);
			buildRules = (
			);
			dependencies = (
			);
			name = WordSubs;
			productName = WordSubs;
			productReference = 61DCB89E2CEE10F500E90DDB /* WordSubs.app */;
			productType = "com.apple.product-type.application";
		};
		61DCB8AD2CEE10F900E90DDB /* WordSubsTests */ = {
			isa = PBXNativeTarget;
			buildConfigurationList = 61DCB8C52CEE10F900E90DDB /* Build configuration list for PBXNativeTarget "WordSubsTests" */;
			buildPhases = (
				61DCB8AA2CEE10F900E90DDB /* Sources */,
				61DCB8AB2CEE10F900E90DDB /* Frameworks */,
				61DCB8AC2CEE10F900E90DDB /* Resources */,
			);
			buildRules = (
			);
			dependencies = (
				61DCB8B02CEE10F900E90DDB /* PBXTargetDependency */,
			);
			name = WordSubsTests;
			productName = WordSubsTests;
			productReference = 61DCB8AE2CEE10F900E90DDB /* WordSubsTests.xctest */;
			productType = "com.apple.product-type.bundle.unit-test";
		};
		61DCB8B72CEE10F900E90DDB /* WordSubsUITests */ = {
			isa = PBXNativeTarget;
			buildConfigurationList = 61DCB8C82CEE10F900E90DDB /* Build configuration list for PBXNativeTarget "WordSubsUITests" */;
			buildPhases = (
				61DCB8B42CEE10F900E90DDB /* Sources */,
				61DCB8B52CEE10F900E90DDB /* Frameworks */,
				61DCB8B62CEE10F900E90DDB /* Resources */,
			);
			buildRules = (
			);
			dependencies = (
				61DCB8BA2CEE10F900E90DDB /* PBXTargetDependency */,
			);
			name = WordSubsUITests;
			productName = WordSubsUITests;
			productReference = 61DCB8B82CEE10F900E90DDB /* WordSubsUITests.xctest */;
			productType = "com.apple.product-type.bundle.ui-testing";
		};
/* End PBXNativeTarget section */

/* Begin PBXProject section */
		61DCB8962CEE10F500E90DDB /* Project object */ = {
			isa = PBXProject;
			attributes = {
				BuildIndependentTargetsInParallel = 1;
				LastSwiftUpdateCheck = 1540;
				LastUpgradeCheck = 1540;
				TargetAttributes = {
					61DCB89D2CEE10F500E90DDB = {
						CreatedOnToolsVersion = 15.4;
					};
					61DCB8AD2CEE10F900E90DDB = {
						CreatedOnToolsVersion = 15.4;
						TestTargetID = 61DCB89D2CEE10F500E90DDB;
					};
					61DCB8B72CEE10F900E90DDB = {
						CreatedOnToolsVersion = 15.4;
						TestTargetID = 61DCB89D2CEE10F500E90DDB;
					};
				};
			};
			buildConfigurationList = 61DCB8992CEE10F500E90DDB /* Build configuration list for PBXProject "WordSubs" */;
			compatibilityVersion = "Xcode 14.0";
			developmentRegion = en;
			hasScannedForEncodings = 0;
			knownRegions = (
				en,
				Base,
			);
			mainGroup = 61DCB8952CEE10F500E90DDB;
			productRefGroup = 61DCB89F2CEE10F500E90DDB /* Products */;
			projectDirPath = "";
			projectRoot = "";
			targets = (
				61DCB89D2CEE10F500E90DDB /* WordSubs */,
				61DCB8AD2CEE10F900E90DDB /* WordSubsTests */,
				61DCB8B72CEE10F900E90DDB /* WordSubsUITests */,
			);
		};
/* End PBXProject section */

/* Begin PBXResourcesBuildPhase section */
		61DCB89C2CEE10F500E90DDB /* Resources */ = {
			isa = PBXResourcesBuildPhase;
			buildActionMask = 2147483647;
			files = (
				61DCB8A92CEE10F800E90DDB /* Preview Assets.xcassets in Resources */,
				61DCB8A62CEE10F800E90DDB /* Assets.xcassets in Resources */,
				61DCB8F62CEE16E900E90DDB /* phrases.json in Resources */,
			);
			runOnlyForDeploymentPostprocessing = 0;
		};
		61DCB8AC2CEE10F900E90DDB /* Resources */ = {
			isa = PBXResourcesBuildPhase;
			buildActionMask = 2147483647;
			files = (
			);
			runOnlyForDeploymentPostprocessing = 0;
		};
		61DCB8B62CEE10F900E90DDB /* Resources */ = {
			isa = PBXResourcesBuildPhase;
			buildActionMask = 2147483647;
			files = (
			);
			runOnlyForDeploymentPostprocessing = 0;
		};
/* End PBXResourcesBuildPhase section */

/* Begin PBXSourcesBuildPhase section */
		61DCB89A2CEE10F500E90DDB /* Sources */ = {
			isa = PBXSourcesBuildPhase;
			buildActionMask = 2147483647;
			files = (
				61DCB8E82CEE13D700E90DDB /* AccountView.swift in Sources */,
				61DCB8EE2CEE140700E90DDB /* MainTabView.swift in Sources */,
				61DCB8EA2CEE13E700E90DDB /* BookmarksView.swift in Sources */,
				61DCB8E12CEE128A00E90DDB /* NotificationManager.swift in Sources */,
				61DCB8F02CEE141800E90DDB /* PreferencesView.swift in Sources */,
				61DCB8E62CEE139F00E90DDB /* PhraseModel.swift in Sources */,
				61DCB8F42CEE143A00E90DDB /* WelcomeView.swift in Sources */,
				61DCB8A22CEE10F500E90DDB /* WordSubsApp.swift in Sources */,
				61DCB8F92CEE268F00E90DDB /* UserAccount.swift in Sources */,
				61DCB8E32CEE12FF00E90DDB /* PhraseViewModel.swift in Sources */,
				61DCB8EC2CEE13F800E90DDB /* LearnView.swift in Sources */,
				61DCB8F22CEE142B00E90DDB /* SettingsView.swift in Sources */,
			);
			runOnlyForDeploymentPostprocessing = 0;
		};
		61DCB8AA2CEE10F900E90DDB /* Sources */ = {
			isa = PBXSourcesBuildPhase;
			buildActionMask = 2147483647;
			files = (
				61DCB8B32CEE10F900E90DDB /* WordSubsTests.swift in Sources */,
			);
			runOnlyForDeploymentPostprocessing = 0;
		};
		61DCB8B42CEE10F900E90DDB /* Sources */ = {
			isa = PBXSourcesBuildPhase;
			buildActionMask = 2147483647;
			files = (
				61DCB8BF2CEE10F900E90DDB /* WordSubsUITestsLaunchTests.swift in Sources */,
				61DCB8BD2CEE10F900E90DDB /* WordSubsUITests.swift in Sources */,
			);
			runOnlyForDeploymentPostprocessing = 0;
		};
/* End PBXSourcesBuildPhase section */

/* Begin PBXTargetDependency section */
		61DCB8B02CEE10F900E90DDB /* PBXTargetDependency */ = {
			isa = PBXTargetDependency;
			target = 61DCB89D2CEE10F500E90DDB /* WordSubs */;
			targetProxy = 61DCB8AF2CEE10F900E90DDB /* PBXContainerItemProxy */;
		};
		61DCB8BA2CEE10F900E90DDB /* PBXTargetDependency */ = {
			isa = PBXTargetDependency;
			target = 61DCB89D2CEE10F500E90DDB /* WordSubs */;
			targetProxy = 61DCB8B92CEE10F900E90DDB /* PBXContainerItemProxy */;
		};
/* End PBXTargetDependency section */

/* Begin XCBuildConfiguration section */
		61DCB8C02CEE10F900E90DDB /* Debug */ = {
			isa = XCBuildConfiguration;
			buildSettings = {
				ALWAYS_SEARCH_USER_PATHS = NO;
				ASSETCATALOG_COMPILER_GENERATE_SWIFT_ASSET_SYMBOL_EXTENSIONS = YES;
				CLANG_ANALYZER_NONNULL = YES;
				CLANG_ANALYZER_NUMBER_OBJECT_CONVERSION = YES_AGGRESSIVE;
				CLANG_CXX_LANGUAGE_STANDARD = "gnu++20";
				CLANG_ENABLE_MODULES = YES;
				CLANG_ENABLE_OBJC_ARC = YES;
				CLANG_ENABLE_OBJC_WEAK = YES;
				CLANG_WARN_BLOCK_CAPTURE_AUTORELEASING = YES;
				CLANG_WARN_BOOL_CONVERSION = YES;
				CLANG_WARN_COMMA = YES;
				CLANG_WARN_CONSTANT_CONVERSION = YES;
				CLANG_WARN_DEPRECATED_OBJC_IMPLEMENTATIONS = YES;
				CLANG_WARN_DIRECT_OBJC_ISA_USAGE = YES_ERROR;
				CLANG_WARN_DOCUMENTATION_COMMENTS = YES;
				CLANG_WARN_EMPTY_BODY = YES;
				CLANG_WARN_ENUM_CONVERSION = YES;
				CLANG_WARN_INFINITE_RECURSION = YES;
				CLANG_WARN_INT_CONVERSION = YES;
				CLANG_WARN_NON_LITERAL_NULL_CONVERSION = YES;
				CLANG_WARN_OBJC_IMPLICIT_RETAIN_SELF = YES;
				CLANG_WARN_OBJC_LITERAL_CONVERSION = YES;
				CLANG_WARN_OBJC_ROOT_CLASS = YES_ERROR;
				CLANG_WARN_QUOTED_INCLUDE_IN_FRAMEWORK_HEADER = YES;
				CLANG_WARN_RANGE_LOOP_ANALYSIS = YES;
				CLANG_WARN_STRICT_PROTOTYPES = YES;
				CLANG_WARN_SUSPICIOUS_MOVE = YES;
				CLANG_WARN_UNGUARDED_AVAILABILITY = YES_AGGRESSIVE;
				CLANG_WARN_UNREACHABLE_CODE = YES;
				CLANG_WARN__DUPLICATE_METHOD_MATCH = YES;
				COPY_PHASE_STRIP = NO;
				DEBUG_INFORMATION_FORMAT = dwarf;
				ENABLE_STRICT_OBJC_MSGSEND = YES;
				ENABLE_TESTABILITY = YES;
				ENABLE_USER_SCRIPT_SANDBOXING = YES;
				GCC_C_LANGUAGE_STANDARD = gnu17;
				GCC_DYNAMIC_NO_PIC = NO;
				GCC_NO_COMMON_BLOCKS = YES;
				GCC_OPTIMIZATION_LEVEL = 0;
				GCC_PREPROCESSOR_DEFINITIONS = (
					"DEBUG=1",
					"$(inherited)",
				);
				GCC_WARN_64_TO_32_BIT_CONVERSION = YES;
				GCC_WARN_ABOUT_RETURN_TYPE = YES_ERROR;
				GCC_WARN_UNDECLARED_SELECTOR = YES;
				GCC_WARN_UNINITIALIZED_AUTOS = YES_AGGRESSIVE;
				GCC_WARN_UNUSED_FUNCTION = YES;
				GCC_WARN_UNUSED_VARIABLE = YES;
				IPHONEOS_DEPLOYMENT_TARGET = 17.5;
				LOCALIZATION_PREFERS_STRING_CATALOGS = YES;
				MTL_ENABLE_DEBUG_INFO = INCLUDE_SOURCE;
				MTL_FAST_MATH = YES;
				ONLY_ACTIVE_ARCH = YES;
				SDKROOT = iphoneos;
				SWIFT_ACTIVE_COMPILATION_CONDITIONS = "DEBUG $(inherited)";
				SWIFT_OPTIMIZATION_LEVEL = "-Onone";
			};
			name = Debug;
		};
		61DCB8C12CEE10F900E90DDB /* Release */ = {
			isa = XCBuildConfiguration;
			buildSettings = {
				ALWAYS_SEARCH_USER_PATHS = NO;
				ASSETCATALOG_COMPILER_GENERATE_SWIFT_ASSET_SYMBOL_EXTENSIONS = YES;
				CLANG_ANALYZER_NONNULL = YES;
				CLANG_ANALYZER_NUMBER_OBJECT_CONVERSION = YES_AGGRESSIVE;
				CLANG_CXX_LANGUAGE_STANDARD = "gnu++20";
				CLANG_ENABLE_MODULES = YES;
				CLANG_ENABLE_OBJC_ARC = YES;
				CLANG_ENABLE_OBJC_WEAK = YES;
				CLANG_WARN_BLOCK_CAPTURE_AUTORELEASING = YES;
				CLANG_WARN_BOOL_CONVERSION = YES;
				CLANG_WARN_COMMA = YES;
				CLANG_WARN_CONSTANT_CONVERSION = YES;
				CLANG_WARN_DEPRECATED_OBJC_IMPLEMENTATIONS = YES;
				CLANG_WARN_DIRECT_OBJC_ISA_USAGE = YES_ERROR;
				CLANG_WARN_DOCUMENTATION_COMMENTS = YES;
				CLANG_WARN_EMPTY_BODY = YES;
				CLANG_WARN_ENUM_CONVERSION = YES;
				CLANG_WARN_INFINITE_RECURSION = YES;
				CLANG_WARN_INT_CONVERSION = YES;
				CLANG_WARN_NON_LITERAL_NULL_CONVERSION = YES;
				CLANG_WARN_OBJC_IMPLICIT_RETAIN_SELF = YES;
				CLANG_WARN_OBJC_LITERAL_CONVERSION = YES;
				CLANG_WARN_OBJC_ROOT_CLASS = YES_ERROR;
				CLANG_WARN_QUOTED_INCLUDE_IN_FRAMEWORK_HEADER = YES;
				CLANG_WARN_RANGE_LOOP_ANALYSIS = YES;
				CLANG_WARN_STRICT_PROTOTYPES = YES;
				CLANG_WARN_SUSPICIOUS_MOVE = YES;
				CLANG_WARN_UNGUARDED_AVAILABILITY = YES_AGGRESSIVE;
				CLANG_WARN_UNREACHABLE_CODE = YES;
				CLANG_WARN__DUPLICATE_METHOD_MATCH = YES;
				COPY_PHASE_STRIP = NO;
				DEBUG_INFORMATION_FORMAT = "dwarf-with-dsym";
				ENABLE_NS_ASSERTIONS = NO;
				ENABLE_STRICT_OBJC_MSGSEND = YES;
				ENABLE_USER_SCRIPT_SANDBOXING = YES;
				GCC_C_LANGUAGE_STANDARD = gnu17;
				GCC_NO_COMMON_BLOCKS = YES;
				GCC_WARN_64_TO_32_BIT_CONVERSION = YES;
				GCC_WARN_ABOUT_RETURN_TYPE = YES_ERROR;
				GCC_WARN_UNDECLARED_SELECTOR = YES;
				GCC_WARN_UNINITIALIZED_AUTOS = YES_AGGRESSIVE;
				GCC_WARN_UNUSED_FUNCTION = YES;
				GCC_WARN_UNUSED_VARIABLE = YES;
				IPHONEOS_DEPLOYMENT_TARGET = 17.5;
				LOCALIZATION_PREFERS_STRING_CATALOGS = YES;
				MTL_ENABLE_DEBUG_INFO = NO;
				MTL_FAST_MATH = YES;
				SDKROOT = iphoneos;
				SWIFT_COMPILATION_MODE = wholemodule;
				VALIDATE_PRODUCT = YES;
			};
			name = Release;
		};
		61DCB8C32CEE10F900E90DDB /* Debug */ = {
			isa = XCBuildConfiguration;
			buildSettings = {
				ASSETCATALOG_COMPILER_APPICON_NAME = AppIcon;
				ASSETCATALOG_COMPILER_GLOBAL_ACCENT_COLOR_NAME = AccentColor;
				CODE_SIGN_STYLE = Automatic;
				CURRENT_PROJECT_VERSION = 1;
				DEVELOPMENT_ASSET_PATHS = "\"WordSubs/Preview Content\"";
				DEVELOPMENT_TEAM = L79F55H896;
				ENABLE_PREVIEWS = YES;
				GENERATE_INFOPLIST_FILE = YES;
				INFOPLIST_FILE = WordSubs/Info.plist;
				INFOPLIST_KEY_UIApplicationSceneManifest_Generation = YES;
				INFOPLIST_KEY_UIApplicationSupportsIndirectInputEvents = YES;
				INFOPLIST_KEY_UILaunchScreen_Generation = YES;
				INFOPLIST_KEY_UISupportedInterfaceOrientations_iPad = "UIInterfaceOrientationPortrait UIInterfaceOrientationPortraitUpsideDown UIInterfaceOrientationLandscapeLeft UIInterfaceOrientationLandscapeRight";
				INFOPLIST_KEY_UISupportedInterfaceOrientations_iPhone = "UIInterfaceOrientationPortrait UIInterfaceOrientationLandscapeLeft UIInterfaceOrientationLandscapeRight";
				LD_RUNPATH_SEARCH_PATHS = (
					"$(inherited)",
					"@executable_path/Frameworks",
				);
				MARKETING_VERSION = 1.0;
				PRODUCT_BUNDLE_IDENTIFIER = com.MyApps.Practice.WordSubs;
				PRODUCT_NAME = "$(TARGET_NAME)";
				SWIFT_EMIT_LOC_STRINGS = YES;
				SWIFT_VERSION = 5.0;
				TARGETED_DEVICE_FAMILY = "1,2";
			};
			name = Debug;
		};
		61DCB8C42CEE10F900E90DDB /* Release */ = {
			isa = XCBuildConfiguration;
			buildSettings = {
				ASSETCATALOG_COMPILER_APPICON_NAME = AppIcon;
				ASSETCATALOG_COMPILER_GLOBAL_ACCENT_COLOR_NAME = AccentColor;
				CODE_SIGN_STYLE = Automatic;
				CURRENT_PROJECT_VERSION = 1;
				DEVELOPMENT_ASSET_PATHS = "\"WordSubs/Preview Content\"";
				DEVELOPMENT_TEAM = L79F55H896;
				ENABLE_PREVIEWS = YES;
				GENERATE_INFOPLIST_FILE = YES;
				INFOPLIST_FILE = WordSubs/Info.plist;
				INFOPLIST_KEY_UIApplicationSceneManifest_Generation = YES;
				INFOPLIST_KEY_UIApplicationSupportsIndirectInputEvents = YES;
				INFOPLIST_KEY_UILaunchScreen_Generation = YES;
				INFOPLIST_KEY_UISupportedInterfaceOrientations_iPad = "UIInterfaceOrientationPortrait UIInterfaceOrientationPortraitUpsideDown UIInterfaceOrientationLandscapeLeft UIInterfaceOrientationLandscapeRight";
				INFOPLIST_KEY_UISupportedInterfaceOrientations_iPhone = "UIInterfaceOrientationPortrait UIInterfaceOrientationLandscapeLeft UIInterfaceOrientationLandscapeRight";
				LD_RUNPATH_SEARCH_PATHS = (
					"$(inherited)",
					"@executable_path/Frameworks",
				);
				MARKETING_VERSION = 1.0;
				PRODUCT_BUNDLE_IDENTIFIER = com.MyApps.Practice.WordSubs;
				PRODUCT_NAME = "$(TARGET_NAME)";
				SWIFT_EMIT_LOC_STRINGS = YES;
				SWIFT_VERSION = 5.0;
				TARGETED_DEVICE_FAMILY = "1,2";
			};
			name = Release;
		};
		61DCB8C62CEE10F900E90DDB /* Debug */ = {
			isa = XCBuildConfiguration;
			buildSettings = {
				ALWAYS_EMBED_SWIFT_STANDARD_LIBRARIES = YES;
				BUNDLE_LOADER = "$(TEST_HOST)";
				CODE_SIGN_STYLE = Automatic;
				CURRENT_PROJECT_VERSION = 1;
				DEVELOPMENT_TEAM = L79F55H896;
				GENERATE_INFOPLIST_FILE = YES;
				IPHONEOS_DEPLOYMENT_TARGET = 17.5;
				MARKETING_VERSION = 1.0;
				PRODUCT_BUNDLE_IDENTIFIER = com.MyApps.Practice.WordSubsTests;
				PRODUCT_NAME = "$(TARGET_NAME)";
				SWIFT_EMIT_LOC_STRINGS = NO;
				SWIFT_VERSION = 5.0;
				TARGETED_DEVICE_FAMILY = "1,2";
				TEST_HOST = "$(BUILT_PRODUCTS_DIR)/WordSubs.app/$(BUNDLE_EXECUTABLE_FOLDER_PATH)/WordSubs";
			};
			name = Debug;
		};
		61DCB8C72CEE10F900E90DDB /* Release */ = {
			isa = XCBuildConfiguration;
			buildSettings = {
				ALWAYS_EMBED_SWIFT_STANDARD_LIBRARIES = YES;
				BUNDLE_LOADER = "$(TEST_HOST)";
				CODE_SIGN_STYLE = Automatic;
				CURRENT_PROJECT_VERSION = 1;
				DEVELOPMENT_TEAM = L79F55H896;
				GENERATE_INFOPLIST_FILE = YES;
				IPHONEOS_DEPLOYMENT_TARGET = 17.5;
				MARKETING_VERSION = 1.0;
				PRODUCT_BUNDLE_IDENTIFIER = com.MyApps.Practice.WordSubsTests;
				PRODUCT_NAME = "$(TARGET_NAME)";
				SWIFT_EMIT_LOC_STRINGS = NO;
				SWIFT_VERSION = 5.0;
				TARGETED_DEVICE_FAMILY = "1,2";
				TEST_HOST = "$(BUILT_PRODUCTS_DIR)/WordSubs.app/$(BUNDLE_EXECUTABLE_FOLDER_PATH)/WordSubs";
			};
			name = Release;
		};
		61DCB8C92CEE10F900E90DDB /* Debug */ = {
			isa = XCBuildConfiguration;
			buildSettings = {
				ALWAYS_EMBED_SWIFT_STANDARD_LIBRARIES = YES;
				CODE_SIGN_STYLE = Automatic;
				CURRENT_PROJECT_VERSION = 1;
				DEVELOPMENT_TEAM = L79F55H896;
				GENERATE_INFOPLIST_FILE = YES;
				MARKETING_VERSION = 1.0;
				PRODUCT_BUNDLE_IDENTIFIER = com.MyApps.Practice.WordSubsUITests;
				PRODUCT_NAME = "$(TARGET_NAME)";
				SWIFT_EMIT_LOC_STRINGS = NO;
				SWIFT_VERSION = 5.0;
				TARGETED_DEVICE_FAMILY = "1,2";
				TEST_TARGET_NAME = WordSubs;
			};
			name = Debug;
		};
		61DCB8CA2CEE10F900E90DDB /* Release */ = {
			isa = XCBuildConfiguration;
			buildSettings = {
				ALWAYS_EMBED_SWIFT_STANDARD_LIBRARIES = YES;
				CODE_SIGN_STYLE = Automatic;
				CURRENT_PROJECT_VERSION = 1;
				DEVELOPMENT_TEAM = L79F55H896;
				GENERATE_INFOPLIST_FILE = YES;
				MARKETING_VERSION = 1.0;
				PRODUCT_BUNDLE_IDENTIFIER = com.MyApps.Practice.WordSubsUITests;
				PRODUCT_NAME = "$(TARGET_NAME)";
				SWIFT_EMIT_LOC_STRINGS = NO;
				SWIFT_VERSION = 5.0;
				TARGETED_DEVICE_FAMILY = "1,2";
				TEST_TARGET_NAME = WordSubs;
			};
			name = Release;
		};
/* End XCBuildConfiguration section */

/* Begin XCConfigurationList section */
		61DCB8992CEE10F500E90DDB /* Build configuration list for PBXProject "WordSubs" */ = {
			isa = XCConfigurationList;
			buildConfigurations = (
				61DCB8C02CEE10F900E90DDB /* Debug */,
				61DCB8C12CEE10F900E90DDB /* Release */,
			);
			defaultConfigurationIsVisible = 0;
			defaultConfigurationName = Release;
		};
		61DCB8C22CEE10F900E90DDB /* Build configuration list for PBXNativeTarget "WordSubs" */ = {
			isa = XCConfigurationList;
			buildConfigurations = (
				61DCB8C32CEE10F900E90DDB /* Debug */,
				61DCB8C42CEE10F900E90DDB /* Release */,
			);
			defaultConfigurationIsVisible = 0;
			defaultConfigurationName = Release;
		};
		61DCB8C52CEE10F900E90DDB /* Build configuration list for PBXNativeTarget "WordSubsTests" */ = {
			isa = XCConfigurationList;
			buildConfigurations = (
				61DCB8C62CEE10F900E90DDB /* Debug */,
				61DCB8C72CEE10F900E90DDB /* Release */,
			);
			defaultConfigurationIsVisible = 0;
			defaultConfigurationName = Release;
		};
		61DCB8C82CEE10F900E90DDB /* Build configuration list for PBXNativeTarget "WordSubsUITests" */ = {
			isa = XCConfigurationList;
			buildConfigurations = (
				61DCB8C92CEE10F900E90DDB /* Debug */,
				61DCB8CA2CEE10F900E90DDB /* Release */,
			);
			defaultConfigurationIsVisible = 0;
			defaultConfigurationName = Release;
		};
/* End XCConfigurationList section */
	};
	rootObject = 61DCB8962CEE10F500E90DDB /* Project object */;
}
